
Microsoft Visual Studio Solution File, Format Version 12.00
Project("{FAE04EC0-301F-11D3-BF4B-00C04F79EFBC}") = "Infrastructure", "src\Infrastructure\Infrastructure.csproj", "{E9D82144-479F-4F00-A770-6BEA4A5205AF}"
EndProject
Project("{FAE04EC0-301F-11D3-BF4B-00C04F79EFBC}") = "Domain", "src\Domain\Domain.csproj", "{542DD167-D35D-4F47-BBE5-ED2F06301310}"
EndProject
Project("{2150E333-8FDC-42A3-9474-1A3956D46DE8}") = "src", "src", "{9ABC8221-7D57-44DD-98B0-03AE51275F15}"
EndProject
Project("{FAE04EC0-301F-11D3-BF4B-00C04F79EFBC}") = "Application", "src\Application\Application.csproj", "{FCDC63BE-8F4E-4163-BDFD-AC0B0055AB50}"
EndProject
Project("{FAE04EC0-301F-11D3-BF4B-00C04F79EFBC}") = "API", "src\API\API.csproj", "{6BEAD073-9AB3-45B8-AAF4-CC602512BD98}"
EndProject
Project("{2150E333-8FDC-42A3-9474-1A3956D46DE8}") = "tests", "tests", "{AB5BA45A-610F-470A-B172-F24964679FE2}"
EndProject
Project("{FAE04EC0-301F-11D3-BF4B-00C04F79EFBC}") = "Infrastructure.Tests", "tests\Infrastructure.Tests\Infrastructure.Tests.csproj", "{1797006C-7105-46C3-B876-5E6D8377B6ED}"
EndProject
Project("{FAE04EC0-301F-11D3-BF4B-00C04F79EFBC}") = "Application.UnitTests", "tests\Application.UnitTests\Application.UnitTests.csproj", "{05A138D3-FCDD-4BAE-A3CB-87CBD83F8F33}"
EndProject
Project("{FAE04EC0-301F-11D3-BF4B-00C04F79EFBC}") = "Domain.UnitTests", "tests\Domain.UnitTests\Domain.UnitTests.csproj", "{1BC97891-1DA8-42D1-9021-32B9207A5A85}"
EndProject
Global
	GlobalSection(SolutionConfigurationPlatforms) = preSolution
		Debug|Any CPU = Debug|Any CPU
		Release|Any CPU = Release|Any CPU
	EndGlobalSection
	GlobalSection(ProjectConfigurationPlatforms) = postSolution
		{E9D82144-479F-4F00-A770-6BEA4A5205AF}.Debug|Any CPU.ActiveCfg = Debug|Any CPU
		{E9D82144-479F-4F00-A770-6BEA4A5205AF}.Debug|Any CPU.Build.0 = Debug|Any CPU
		{E9D82144-479F-4F00-A770-6BEA4A5205AF}.Release|Any CPU.ActiveCfg = Release|Any CPU
		{E9D82144-479F-4F00-A770-6BEA4A5205AF}.Release|Any CPU.Build.0 = Release|Any CPU
		{542DD167-D35D-4F47-BBE5-ED2F06301310}.Debug|Any CPU.ActiveCfg = Debug|Any CPU
		{542DD167-D35D-4F47-BBE5-ED2F06301310}.Debug|Any CPU.Build.0 = Debug|Any CPU
		{542DD167-D35D-4F47-BBE5-ED2F06301310}.Release|Any CPU.ActiveCfg = Release|Any CPU
		{542DD167-D35D-4F47-BBE5-ED2F06301310}.Release|Any CPU.Build.0 = Release|Any CPU
		{FCDC63BE-8F4E-4163-BDFD-AC0B0055AB50}.Debug|Any CPU.ActiveCfg = Debug|Any CPU
		{FCDC63BE-8F4E-4163-BDFD-AC0B0055AB50}.Debug|Any CPU.Build.0 = Debug|Any CPU
		{FCDC63BE-8F4E-4163-BDFD-AC0B0055AB50}.Release|Any CPU.ActiveCfg = Release|Any CPU
		{FCDC63BE-8F4E-4163-BDFD-AC0B0055AB50}.Release|Any CPU.Build.0 = Release|Any CPU
		{6BEAD073-9AB3-45B8-AAF4-CC602512BD98}.Debug|Any CPU.ActiveCfg = Debug|Any CPU
		{6BEAD073-9AB3-45B8-AAF4-CC602512BD98}.Debug|Any CPU.Build.0 = Debug|Any CPU
		{6BEAD073-9AB3-45B8-AAF4-CC602512BD98}.Release|Any CPU.ActiveCfg = Release|Any CPU
		{6BEAD073-9AB3-45B8-AAF4-CC602512BD98}.Release|Any CPU.Build.0 = Release|Any CPU
		{1797006C-7105-46C3-B876-5E6D8377B6ED}.Debug|Any CPU.ActiveCfg = Debug|Any CPU
		{1797006C-7105-46C3-B876-5E6D8377B6ED}.Debug|Any CPU.Build.0 = Debug|Any CPU
		{1797006C-7105-46C3-B876-5E6D8377B6ED}.Release|Any CPU.ActiveCfg = Release|Any CPU
		{1797006C-7105-46C3-B876-5E6D8377B6ED}.Release|Any CPU.Build.0 = Release|Any CPU
		{05A138D3-FCDD-4BAE-A3CB-87CBD83F8F33}.Debug|Any CPU.ActiveCfg = Debug|Any CPU
		{05A138D3-FCDD-4BAE-A3CB-87CBD83F8F33}.Debug|Any CPU.Build.0 = Debug|Any CPU
		{05A138D3-FCDD-4BAE-A3CB-87CBD83F8F33}.Release|Any CPU.ActiveCfg = Release|Any CPU
		{05A138D3-FCDD-4BAE-A3CB-87CBD83F8F33}.Release|Any CPU.Build.0 = Release|Any CPU
		{1BC97891-1DA8-42D1-9021-32B9207A5A85}.Debug|Any CPU.ActiveCfg = Debug|Any CPU
		{1BC97891-1DA8-42D1-9021-32B9207A5A85}.Debug|Any CPU.Build.0 = Debug|Any CPU
		{1BC97891-1DA8-42D1-9021-32B9207A5A85}.Release|Any CPU.ActiveCfg = Release|Any CPU
		{1BC97891-1DA8-42D1-9021-32B9207A5A85}.Release|Any CPU.Build.0 = Release|Any CPU
	EndGlobalSection
	GlobalSection(NestedProjects) = preSolution
		{542DD167-D35D-4F47-BBE5-ED2F06301310} = {9ABC8221-7D57-44DD-98B0-03AE51275F15}
		{E9D82144-479F-4F00-A770-6BEA4A5205AF} = {9ABC8221-7D57-44DD-98B0-03AE51275F15}
		{FCDC63BE-8F4E-4163-BDFD-AC0B0055AB50} = {9ABC8221-7D57-44DD-98B0-03AE51275F15}
		{6BEAD073-9AB3-45B8-AAF4-CC602512BD98} = {9ABC8221-7D57-44DD-98B0-03AE51275F15}
		{1797006C-7105-46C3-B876-5E6D8377B6ED} = {AB5BA45A-610F-470A-B172-F24964679FE2}
		{05A138D3-FCDD-4BAE-A3CB-87CBD83F8F33} = {AB5BA45A-610F-470A-B172-F24964679FE2}
		{1BC97891-1DA8-42D1-9021-32B9207A5A85} = {AB5BA45A-610F-470A-B172-F24964679FE2}
	EndGlobalSection
EndGlobal
